// !$*UTF8*$!
{
	archiveVersion = 1;
	classes = {
	};
	objectVersion = 56;
	objects = {

/* Begin PBXBuildFile section */
		2B0237EA2AF4C300008AE907 /* EmptyListView.swift in Sources */ = {isa = PBXBuildFile; fileRef = 2B0237E92AF4C300008AE907 /* EmptyListView.swift */; };
		2B35DA4C2AFEA09700F8BBFA /* User.swift in Sources */ = {isa = PBXBuildFile; fileRef = 2B35DA4B2AFEA09700F8BBFA /* User.swift */; };
		2B35DA4E2AFEAEF500F8BBFA /* ViewModelFactory.swift in Sources */ = {isa = PBXBuildFile; fileRef = 2B35DA4D2AFEAEF500F8BBFA /* ViewModelFactory.swift */; };
		2B35DA502B013E8700F8BBFA /* Comment.swift in Sources */ = {isa = PBXBuildFile; fileRef = 2B35DA4F2B013E8700F8BBFA /* Comment.swift */; };
		2B35DA522B01402700F8BBFA /* CommentsRepository.swift in Sources */ = {isa = PBXBuildFile; fileRef = 2B35DA512B01402700F8BBFA /* CommentsRepository.swift */; };
		2B35DA542B01481000F8BBFA /* Firestore+Extensions.swift in Sources */ = {isa = PBXBuildFile; fileRef = 2B35DA532B01481000F8BBFA /* Firestore+Extensions.swift */; };
		2B7A1B722AF5B49C0070265E /* Alert+Error.swift in Sources */ = {isa = PBXBuildFile; fileRef = 2B7A1B712AF5B49C0070265E /* Alert+Error.swift */; };
		2B7A1B742AF6D0410070265E /* PostRowViewModel.swift in Sources */ = {isa = PBXBuildFile; fileRef = 2B7A1B732AF6D0410070265E /* PostRowViewModel.swift */; };
		2B7A1B762AF889480070265E /* MainTabView.swift in Sources */ = {isa = PBXBuildFile; fileRef = 2B7A1B752AF889480070265E /* MainTabView.swift */; };
		2B7F91512AFDDB6400FD93AD /* FormViewModel.swift in Sources */ = {isa = PBXBuildFile; fileRef = 2B7F91502AFDDB6400FD93AD /* FormViewModel.swift */; };
		2B7F91532AFDEA5A00FD93AD /* PrimaryButtonStyle.swift in Sources */ = {isa = PBXBuildFile; fileRef = 2B7F91522AFDEA5A00FD93AD /* PrimaryButtonStyle.swift */; };
		2B9F63262AF30DCC0099C1B8 /* SocialcademyApp.swift in Sources */ = {isa = PBXBuildFile; fileRef = 2B9F63252AF30DCC0099C1B8 /* SocialcademyApp.swift */; };
		2B9F632A2AF30DCD0099C1B8 /* Assets.xcassets in Resources */ = {isa = PBXBuildFile; fileRef = 2B9F63292AF30DCD0099C1B8 /* Assets.xcassets */; };
		2B9F632D2AF30DCD0099C1B8 /* Preview Assets.xcassets in Resources */ = {isa = PBXBuildFile; fileRef = 2B9F632C2AF30DCD0099C1B8 /* Preview Assets.xcassets */; };
		2BCCDCBD2AFA164400D079D3 /* AuthService.swift in Sources */ = {isa = PBXBuildFile; fileRef = 2BCCDCBC2AFA164400D079D3 /* AuthService.swift */; };
		2BCCDCBF2AFD8D3900D079D3 /* AuthViewModel.swift in Sources */ = {isa = PBXBuildFile; fileRef = 2BCCDCBE2AFD8D3900D079D3 /* AuthViewModel.swift */; };
		2BCCDCC12AFD8F4C00D079D3 /* AuthView.swift in Sources */ = {isa = PBXBuildFile; fileRef = 2BCCDCC02AFD8F4C00D079D3 /* AuthView.swift */; };
		2BCCDCC32AFD92AE00D079D3 /* ProfileView.swift in Sources */ = {isa = PBXBuildFile; fileRef = 2BCCDCC22AFD92AE00D079D3 /* ProfileView.swift */; };
		2BEC04CB2AF32B850044D46F /* .gitignore in Resources */ = {isa = PBXBuildFile; fileRef = 2BEC04CA2AF32B850044D46F /* .gitignore */; };
		2BEC04D12AF331460044D46F /* Post.swift in Sources */ = {isa = PBXBuildFile; fileRef = 2BEC04D02AF331460044D46F /* Post.swift */; };
		2BEC04D32AF3465B0044D46F /* PostsList.swift in Sources */ = {isa = PBXBuildFile; fileRef = 2BEC04D22AF3465B0044D46F /* PostsList.swift */; };
		2BEC04D52AF34A010044D46F /* PostRow.swift in Sources */ = {isa = PBXBuildFile; fileRef = 2BEC04D42AF34A010044D46F /* PostRow.swift */; };
		2BEC04D72AF458CE0044D46F /* NewPostForm.swift in Sources */ = {isa = PBXBuildFile; fileRef = 2BEC04D62AF458CE0044D46F /* NewPostForm.swift */; };
		2BEC04DA2AF4627E0044D46F /* PostsViewModel.swift in Sources */ = {isa = PBXBuildFile; fileRef = 2BEC04D92AF4627E0044D46F /* PostsViewModel.swift */; };
		2BEC04DD2AF471B70044D46F /* PostsRepository.swift in Sources */ = {isa = PBXBuildFile; fileRef = 2BEC04DC2AF471B70044D46F /* PostsRepository.swift */; };
		2BEC04E02AF4732D0044D46F /* FirebaseAnalytics in Frameworks */ = {isa = PBXBuildFile; productRef = 2BEC04DF2AF4732D0044D46F /* FirebaseAnalytics */; };
		2BEC04E22AF4732D0044D46F /* FirebaseAnalyticsOnDeviceConversion in Frameworks */ = {isa = PBXBuildFile; productRef = 2BEC04E12AF4732D0044D46F /* FirebaseAnalyticsOnDeviceConversion */; };
		2BEC04E42AF4732D0044D46F /* FirebaseAnalyticsSwift in Frameworks */ = {isa = PBXBuildFile; productRef = 2BEC04E32AF4732D0044D46F /* FirebaseAnalyticsSwift */; };
		2BEC04E62AF4732D0044D46F /* FirebaseAnalyticsWithoutAdIdSupport in Frameworks */ = {isa = PBXBuildFile; productRef = 2BEC04E52AF4732D0044D46F /* FirebaseAnalyticsWithoutAdIdSupport */; };
		2BEC04E82AF4732D0044D46F /* FirebaseAppCheck in Frameworks */ = {isa = PBXBuildFile; productRef = 2BEC04E72AF4732D0044D46F /* FirebaseAppCheck */; };
		2BEC04EA2AF4732D0044D46F /* FirebaseAppDistribution-Beta in Frameworks */ = {isa = PBXBuildFile; productRef = 2BEC04E92AF4732D0044D46F /* FirebaseAppDistribution-Beta */; };
		2BEC04EC2AF4732D0044D46F /* FirebaseAuth in Frameworks */ = {isa = PBXBuildFile; productRef = 2BEC04EB2AF4732D0044D46F /* FirebaseAuth */; };
		2BEC04EE2AF4732D0044D46F /* FirebaseAuthCombine-Community in Frameworks */ = {isa = PBXBuildFile; productRef = 2BEC04ED2AF4732D0044D46F /* FirebaseAuthCombine-Community */; };
		2BEC04F02AF4732D0044D46F /* FirebaseCrashlytics in Frameworks */ = {isa = PBXBuildFile; productRef = 2BEC04EF2AF4732D0044D46F /* FirebaseCrashlytics */; };
		2BEC04F22AF4732D0044D46F /* FirebaseDatabase in Frameworks */ = {isa = PBXBuildFile; productRef = 2BEC04F12AF4732D0044D46F /* FirebaseDatabase */; };
		2BEC04F42AF4732D0044D46F /* FirebaseDatabaseSwift in Frameworks */ = {isa = PBXBuildFile; productRef = 2BEC04F32AF4732D0044D46F /* FirebaseDatabaseSwift */; };
		2BEC04F62AF4732D0044D46F /* FirebaseDynamicLinks in Frameworks */ = {isa = PBXBuildFile; productRef = 2BEC04F52AF4732D0044D46F /* FirebaseDynamicLinks */; };
		2BEC04F82AF4732D0044D46F /* FirebaseFirestore in Frameworks */ = {isa = PBXBuildFile; productRef = 2BEC04F72AF4732D0044D46F /* FirebaseFirestore */; };
		2BEC04FA2AF4732D0044D46F /* FirebaseFirestoreCombine-Community in Frameworks */ = {isa = PBXBuildFile; productRef = 2BEC04F92AF4732D0044D46F /* FirebaseFirestoreCombine-Community */; };
		2BEC04FC2AF4732D0044D46F /* FirebaseFirestoreSwift in Frameworks */ = {isa = PBXBuildFile; productRef = 2BEC04FB2AF4732D0044D46F /* FirebaseFirestoreSwift */; };
		2BEC04FE2AF4732D0044D46F /* FirebaseFunctions in Frameworks */ = {isa = PBXBuildFile; productRef = 2BEC04FD2AF4732D0044D46F /* FirebaseFunctions */; };
		2BEC05002AF4732D0044D46F /* FirebaseFunctionsCombine-Community in Frameworks */ = {isa = PBXBuildFile; productRef = 2BEC04FF2AF4732D0044D46F /* FirebaseFunctionsCombine-Community */; };
		2BEC05022AF4732D0044D46F /* FirebaseInAppMessaging-Beta in Frameworks */ = {isa = PBXBuildFile; productRef = 2BEC05012AF4732D0044D46F /* FirebaseInAppMessaging-Beta */; };
		2BEC05042AF4732D0044D46F /* FirebaseInAppMessagingSwift-Beta in Frameworks */ = {isa = PBXBuildFile; productRef = 2BEC05032AF4732D0044D46F /* FirebaseInAppMessagingSwift-Beta */; };
		2BEC05062AF4732D0044D46F /* FirebaseInstallations in Frameworks */ = {isa = PBXBuildFile; productRef = 2BEC05052AF4732D0044D46F /* FirebaseInstallations */; };
		2BEC05082AF4732D0044D46F /* FirebaseMLModelDownloader in Frameworks */ = {isa = PBXBuildFile; productRef = 2BEC05072AF4732D0044D46F /* FirebaseMLModelDownloader */; };
		2BEC050A2AF4732D0044D46F /* FirebaseMessaging in Frameworks */ = {isa = PBXBuildFile; productRef = 2BEC05092AF4732D0044D46F /* FirebaseMessaging */; };
		2BEC050C2AF4732D0044D46F /* FirebasePerformance in Frameworks */ = {isa = PBXBuildFile; productRef = 2BEC050B2AF4732D0044D46F /* FirebasePerformance */; };
		2BEC050E2AF4732D0044D46F /* FirebaseRemoteConfig in Frameworks */ = {isa = PBXBuildFile; productRef = 2BEC050D2AF4732D0044D46F /* FirebaseRemoteConfig */; };
		2BEC05102AF4732D0044D46F /* FirebaseRemoteConfigSwift in Frameworks */ = {isa = PBXBuildFile; productRef = 2BEC050F2AF4732D0044D46F /* FirebaseRemoteConfigSwift */; };
		2BEC05122AF4732D0044D46F /* FirebaseStorage in Frameworks */ = {isa = PBXBuildFile; productRef = 2BEC05112AF4732D0044D46F /* FirebaseStorage */; };
		2BEC05142AF4732D0044D46F /* FirebaseStorageCombine-Community in Frameworks */ = {isa = PBXBuildFile; productRef = 2BEC05132AF4732D0044D46F /* FirebaseStorageCombine-Community */; };
		2BEC05172AF4B2D40044D46F /* Loadable.swift in Sources */ = {isa = PBXBuildFile; fileRef = 2BEC05162AF4B2D40044D46F /* Loadable.swift */; };
		2BEC7D8A2AF31A0400727652 /* GoogleService-Info.plist in Resources */ = {isa = PBXBuildFile; fileRef = 2BEC7D892AF31A0400727652 /* GoogleService-Info.plist */; };
/* End PBXBuildFile section */

/* Begin PBXFileReference section */
		2B0237E92AF4C300008AE907 /* EmptyListView.swift */ = {isa = PBXFileReference; lastKnownFileType = sourcecode.swift; path = EmptyListView.swift; sourceTree = "<group>"; };
		2B35DA4B2AFEA09700F8BBFA /* User.swift */ = {isa = PBXFileReference; lastKnownFileType = sourcecode.swift; path = User.swift; sourceTree = "<group>"; };
		2B35DA4D2AFEAEF500F8BBFA /* ViewModelFactory.swift */ = {isa = PBXFileReference; lastKnownFileType = sourcecode.swift; path = ViewModelFactory.swift; sourceTree = "<group>"; };
		2B35DA4F2B013E8700F8BBFA /* Comment.swift */ = {isa = PBXFileReference; lastKnownFileType = sourcecode.swift; path = Comment.swift; sourceTree = "<group>"; };
		2B35DA512B01402700F8BBFA /* CommentsRepository.swift */ = {isa = PBXFileReference; lastKnownFileType = sourcecode.swift; path = CommentsRepository.swift; sourceTree = "<group>"; };
		2B35DA532B01481000F8BBFA /* Firestore+Extensions.swift */ = {isa = PBXFileReference; lastKnownFileType = sourcecode.swift; path = "Firestore+Extensions.swift"; sourceTree = "<group>"; };
		2B7A1B712AF5B49C0070265E /* Alert+Error.swift */ = {isa = PBXFileReference; lastKnownFileType = sourcecode.swift; path = "Alert+Error.swift"; sourceTree = "<group>"; };
		2B7A1B732AF6D0410070265E /* PostRowViewModel.swift */ = {isa = PBXFileReference; lastKnownFileType = sourcecode.swift; path = PostRowViewModel.swift; sourceTree = "<group>"; };
		2B7A1B752AF889480070265E /* MainTabView.swift */ = {isa = PBXFileReference; lastKnownFileType = sourcecode.swift; path = MainTabView.swift; sourceTree = "<group>"; };
		2B7F91502AFDDB6400FD93AD /* FormViewModel.swift */ = {isa = PBXFileReference; lastKnownFileType = sourcecode.swift; path = FormViewModel.swift; sourceTree = "<group>"; };
		2B7F91522AFDEA5A00FD93AD /* PrimaryButtonStyle.swift */ = {isa = PBXFileReference; lastKnownFileType = sourcecode.swift; path = PrimaryButtonStyle.swift; sourceTree = "<group>"; };
		2B9F63222AF30DCC0099C1B8 /* Socialcademy.app */ = {isa = PBXFileReference; explicitFileType = wrapper.application; includeInIndex = 0; path = Socialcademy.app; sourceTree = BUILT_PRODUCTS_DIR; };
		2B9F63252AF30DCC0099C1B8 /* SocialcademyApp.swift */ = {isa = PBXFileReference; lastKnownFileType = sourcecode.swift; path = SocialcademyApp.swift; sourceTree = "<group>"; };
		2B9F63292AF30DCD0099C1B8 /* Assets.xcassets */ = {isa = PBXFileReference; lastKnownFileType = folder.assetcatalog; path = Assets.xcassets; sourceTree = "<group>"; };
		2B9F632C2AF30DCD0099C1B8 /* Preview Assets.xcassets */ = {isa = PBXFileReference; lastKnownFileType = folder.assetcatalog; path = "Preview Assets.xcassets"; sourceTree = "<group>"; };
		2BCCDCBC2AFA164400D079D3 /* AuthService.swift */ = {isa = PBXFileReference; lastKnownFileType = sourcecode.swift; path = AuthService.swift; sourceTree = "<group>"; };
		2BCCDCBE2AFD8D3900D079D3 /* AuthViewModel.swift */ = {isa = PBXFileReference; lastKnownFileType = sourcecode.swift; path = AuthViewModel.swift; sourceTree = "<group>"; };
		2BCCDCC02AFD8F4C00D079D3 /* AuthView.swift */ = {isa = PBXFileReference; lastKnownFileType = sourcecode.swift; path = AuthView.swift; sourceTree = "<group>"; };
		2BCCDCC22AFD92AE00D079D3 /* ProfileView.swift */ = {isa = PBXFileReference; lastKnownFileType = sourcecode.swift; path = ProfileView.swift; sourceTree = "<group>"; };
		2BEC04CA2AF32B850044D46F /* .gitignore */ = {isa = PBXFileReference; lastKnownFileType = text; path = .gitignore; sourceTree = "<group>"; };
		2BEC04D02AF331460044D46F /* Post.swift */ = {isa = PBXFileReference; lastKnownFileType = sourcecode.swift; path = Post.swift; sourceTree = "<group>"; };
		2BEC04D22AF3465B0044D46F /* PostsList.swift */ = {isa = PBXFileReference; lastKnownFileType = sourcecode.swift; path = PostsList.swift; sourceTree = "<group>"; };
		2BEC04D42AF34A010044D46F /* PostRow.swift */ = {isa = PBXFileReference; lastKnownFileType = sourcecode.swift; path = PostRow.swift; sourceTree = "<group>"; };
		2BEC04D62AF458CE0044D46F /* NewPostForm.swift */ = {isa = PBXFileReference; lastKnownFileType = sourcecode.swift; path = NewPostForm.swift; sourceTree = "<group>"; };
		2BEC04D92AF4627E0044D46F /* PostsViewModel.swift */ = {isa = PBXFileReference; lastKnownFileType = sourcecode.swift; path = PostsViewModel.swift; sourceTree = "<group>"; };
		2BEC04DC2AF471B70044D46F /* PostsRepository.swift */ = {isa = PBXFileReference; lastKnownFileType = sourcecode.swift; path = PostsRepository.swift; sourceTree = "<group>"; };
		2BEC05162AF4B2D40044D46F /* Loadable.swift */ = {isa = PBXFileReference; lastKnownFileType = sourcecode.swift; path = Loadable.swift; sourceTree = "<group>"; };
		2BEC7D892AF31A0400727652 /* GoogleService-Info.plist */ = {isa = PBXFileReference; fileEncoding = 4; lastKnownFileType = text.plist.xml; path = "GoogleService-Info.plist"; sourceTree = "<group>"; };
/* End PBXFileReference section */

/* Begin PBXFrameworksBuildPhase section */
		2B9F631F2AF30DCC0099C1B8 /* Frameworks */ = {
			isa = PBXFrameworksBuildPhase;
			buildActionMask = 2147483647;
			files = (
				2BEC04F22AF4732D0044D46F /* FirebaseDatabase in Frameworks */,
				2BEC05002AF4732D0044D46F /* FirebaseFunctionsCombine-Community in Frameworks */,
				2BEC04F82AF4732D0044D46F /* FirebaseFirestore in Frameworks */,
				2BEC04E42AF4732D0044D46F /* FirebaseAnalyticsSwift in Frameworks */,
				2BEC04E02AF4732D0044D46F /* FirebaseAnalytics in Frameworks */,
				2BEC04E22AF4732D0044D46F /* FirebaseAnalyticsOnDeviceConversion in Frameworks */,
				2BEC05082AF4732D0044D46F /* FirebaseMLModelDownloader in Frameworks */,
				2BEC04FC2AF4732D0044D46F /* FirebaseFirestoreSwift in Frameworks */,
				2BEC04E82AF4732D0044D46F /* FirebaseAppCheck in Frameworks */,
				2BEC04E62AF4732D0044D46F /* FirebaseAnalyticsWithoutAdIdSupport in Frameworks */,
				2BEC04EC2AF4732D0044D46F /* FirebaseAuth in Frameworks */,
				2BEC04F02AF4732D0044D46F /* FirebaseCrashlytics in Frameworks */,
				2BEC05102AF4732D0044D46F /* FirebaseRemoteConfigSwift in Frameworks */,
				2BEC05022AF4732D0044D46F /* FirebaseInAppMessaging-Beta in Frameworks */,
				2BEC04F42AF4732D0044D46F /* FirebaseDatabaseSwift in Frameworks */,
				2BEC04FE2AF4732D0044D46F /* FirebaseFunctions in Frameworks */,
				2BEC05142AF4732D0044D46F /* FirebaseStorageCombine-Community in Frameworks */,
				2BEC050E2AF4732D0044D46F /* FirebaseRemoteConfig in Frameworks */,
				2BEC04EA2AF4732D0044D46F /* FirebaseAppDistribution-Beta in Frameworks */,
				2BEC04EE2AF4732D0044D46F /* FirebaseAuthCombine-Community in Frameworks */,
				2BEC050C2AF4732D0044D46F /* FirebasePerformance in Frameworks */,
				2BEC05042AF4732D0044D46F /* FirebaseInAppMessagingSwift-Beta in Frameworks */,
				2BEC05122AF4732D0044D46F /* FirebaseStorage in Frameworks */,
				2BEC04F62AF4732D0044D46F /* FirebaseDynamicLinks in Frameworks */,
				2BEC04FA2AF4732D0044D46F /* FirebaseFirestoreCombine-Community in Frameworks */,
				2BEC050A2AF4732D0044D46F /* FirebaseMessaging in Frameworks */,
				2BEC05062AF4732D0044D46F /* FirebaseInstallations in Frameworks */,
			);
			runOnlyForDeploymentPostprocessing = 0;
		};
/* End PBXFrameworksBuildPhase section */

/* Begin PBXGroup section */
		2B0237E82AF4C2E1008AE907 /* SupportViews */ = {
			isa = PBXGroup;
			children = (
				2B0237E92AF4C300008AE907 /* EmptyListView.swift */,
				2B7A1B712AF5B49C0070265E /* Alert+Error.swift */,
				2B7F91522AFDEA5A00FD93AD /* PrimaryButtonStyle.swift */,
			);
			path = SupportViews;
			sourceTree = "<group>";
		};
		2B9F63192AF30DCC0099C1B8 = {
			isa = PBXGroup;
			children = (
				2BEC04CA2AF32B850044D46F /* .gitignore */,
				2B9F63242AF30DCC0099C1B8 /* Socialcademy */,
				2B9F63232AF30DCC0099C1B8 /* Products */,
			);
			sourceTree = "<group>";
		};
		2B9F63232AF30DCC0099C1B8 /* Products */ = {
			isa = PBXGroup;
			children = (
				2B9F63222AF30DCC0099C1B8 /* Socialcademy.app */,
			);
			name = Products;
			sourceTree = "<group>";
		};
		2B9F63242AF30DCC0099C1B8 /* Socialcademy */ = {
			isa = PBXGroup;
			children = (
				2B9F63252AF30DCC0099C1B8 /* SocialcademyApp.swift */,
				2BEC04CF2AF331280044D46F /* Models */,
				2B0237E82AF4C2E1008AE907 /* SupportViews */,
				2BEC04CD2AF32ECB0044D46F /* Views */,
				2BEC04D82AF4611D0044D46F /* ViewModels */,
				2BEC04DB2AF471740044D46F /* Repositories */,
				2BCCDCBB2AFA161C00D079D3 /* Services */,
				2BEC05152AF4B2AD0044D46F /* Utilities */,
				2BEC04CE2AF32EE20044D46F /* Resources */,
			);
			path = Socialcademy;
			sourceTree = "<group>";
		};
		2B9F632B2AF30DCD0099C1B8 /* Preview Content */ = {
			isa = PBXGroup;
			children = (
				2B9F632C2AF30DCD0099C1B8 /* Preview Assets.xcassets */,
			);
			path = "Preview Content";
			sourceTree = "<group>";
		};
		2BCCDCBB2AFA161C00D079D3 /* Services */ = {
			isa = PBXGroup;
			children = (
				2BCCDCBC2AFA164400D079D3 /* AuthService.swift */,
			);
			path = Services;
			sourceTree = "<group>";
		};
		2BEC04CD2AF32ECB0044D46F /* Views */ = {
			isa = PBXGroup;
			children = (
				2BEC04D22AF3465B0044D46F /* PostsList.swift */,
				2BEC04D42AF34A010044D46F /* PostRow.swift */,
				2BEC04D62AF458CE0044D46F /* NewPostForm.swift */,
				2B7A1B752AF889480070265E /* MainTabView.swift */,
				2BCCDCC02AFD8F4C00D079D3 /* AuthView.swift */,
				2BCCDCC22AFD92AE00D079D3 /* ProfileView.swift */,
			);
			path = Views;
			sourceTree = "<group>";
		};
		2BEC04CE2AF32EE20044D46F /* Resources */ = {
			isa = PBXGroup;
			children = (
				2B9F63292AF30DCD0099C1B8 /* Assets.xcassets */,
				2BEC7D892AF31A0400727652 /* GoogleService-Info.plist */,
				2B9F632B2AF30DCD0099C1B8 /* Preview Content */,
			);
			path = Resources;
			sourceTree = "<group>";
		};
		2BEC04CF2AF331280044D46F /* Models */ = {
			isa = PBXGroup;
			children = (
				2BEC04D02AF331460044D46F /* Post.swift */,
				2B35DA4B2AFEA09700F8BBFA /* User.swift */,
				2B35DA4F2B013E8700F8BBFA /* Comment.swift */,
			);
			path = Models;
			sourceTree = "<group>";
		};
		2BEC04D82AF4611D0044D46F /* ViewModels */ = {
			isa = PBXGroup;
			children = (
				2BEC04D92AF4627E0044D46F /* PostsViewModel.swift */,
				2B7A1B732AF6D0410070265E /* PostRowViewModel.swift */,
				2BCCDCBE2AFD8D3900D079D3 /* AuthViewModel.swift */,
				2B7F91502AFDDB6400FD93AD /* FormViewModel.swift */,
				2B35DA4D2AFEAEF500F8BBFA /* ViewModelFactory.swift */,
			);
			path = ViewModels;
			sourceTree = "<group>";
		};
		2BEC04DB2AF471740044D46F /* Repositories */ = {
			isa = PBXGroup;
			children = (
				2BEC04DC2AF471B70044D46F /* PostsRepository.swift */,
				2B35DA512B01402700F8BBFA /* CommentsRepository.swift */,
			);
			path = Repositories;
			sourceTree = "<group>";
		};
		2BEC05152AF4B2AD0044D46F /* Utilities */ = {
			isa = PBXGroup;
			children = (
				2BEC05162AF4B2D40044D46F /* Loadable.swift */,
				2B35DA532B01481000F8BBFA /* Firestore+Extensions.swift */,
			);
			path = Utilities;
			sourceTree = "<group>";
		};
/* End PBXGroup section */

/* Begin PBXNativeTarget section */
		2B9F63212AF30DCC0099C1B8 /* Socialcademy */ = {
			isa = PBXNativeTarget;
			buildConfigurationList = 2B9F63302AF30DCD0099C1B8 /* Build configuration list for PBXNativeTarget "Socialcademy" */;
			buildPhases = (
				2B9F631E2AF30DCC0099C1B8 /* Sources */,
				2B9F631F2AF30DCC0099C1B8 /* Frameworks */,
				2B9F63202AF30DCC0099C1B8 /* Resources */,
			);
			buildRules = (
			);
			dependencies = (
			);
			name = Socialcademy;
			packageProductDependencies = (
				2BEC04DF2AF4732D0044D46F /* FirebaseAnalytics */,
				2BEC04E12AF4732D0044D46F /* FirebaseAnalyticsOnDeviceConversion */,
				2BEC04E32AF4732D0044D46F /* FirebaseAnalyticsSwift */,
				2BEC04E52AF4732D0044D46F /* FirebaseAnalyticsWithoutAdIdSupport */,
				2BEC04E72AF4732D0044D46F /* FirebaseAppCheck */,
				2BEC04E92AF4732D0044D46F /* FirebaseAppDistribution-Beta */,
				2BEC04EB2AF4732D0044D46F /* FirebaseAuth */,
				2BEC04ED2AF4732D0044D46F /* FirebaseAuthCombine-Community */,
				2BEC04EF2AF4732D0044D46F /* FirebaseCrashlytics */,
				2BEC04F12AF4732D0044D46F /* FirebaseDatabase */,
				2BEC04F32AF4732D0044D46F /* FirebaseDatabaseSwift */,
				2BEC04F52AF4732D0044D46F /* FirebaseDynamicLinks */,
				2BEC04F72AF4732D0044D46F /* FirebaseFirestore */,
				2BEC04F92AF4732D0044D46F /* FirebaseFirestoreCombine-Community */,
				2BEC04FB2AF4732D0044D46F /* FirebaseFirestoreSwift */,
				2BEC04FD2AF4732D0044D46F /* FirebaseFunctions */,
				2BEC04FF2AF4732D0044D46F /* FirebaseFunctionsCombine-Community */,
				2BEC05012AF4732D0044D46F /* FirebaseInAppMessaging-Beta */,
				2BEC05032AF4732D0044D46F /* FirebaseInAppMessagingSwift-Beta */,
				2BEC05052AF4732D0044D46F /* FirebaseInstallations */,
				2BEC05072AF4732D0044D46F /* FirebaseMLModelDownloader */,
				2BEC05092AF4732D0044D46F /* FirebaseMessaging */,
				2BEC050B2AF4732D0044D46F /* FirebasePerformance */,
				2BEC050D2AF4732D0044D46F /* FirebaseRemoteConfig */,
				2BEC050F2AF4732D0044D46F /* FirebaseRemoteConfigSwift */,
				2BEC05112AF4732D0044D46F /* FirebaseStorage */,
				2BEC05132AF4732D0044D46F /* FirebaseStorageCombine-Community */,
			);
			productName = Socialcademy;
			productReference = 2B9F63222AF30DCC0099C1B8 /* Socialcademy.app */;
			productType = "com.apple.product-type.application";
		};
/* End PBXNativeTarget section */

/* Begin PBXProject section */
		2B9F631A2AF30DCC0099C1B8 /* Project object */ = {
			isa = PBXProject;
			attributes = {
				BuildIndependentTargetsInParallel = 1;
				LastSwiftUpdateCheck = 1500;
				LastUpgradeCheck = 1500;
				TargetAttributes = {
					2B9F63212AF30DCC0099C1B8 = {
						CreatedOnToolsVersion = 15.0.1;
					};
				};
			};
			buildConfigurationList = 2B9F631D2AF30DCC0099C1B8 /* Build configuration list for PBXProject "Socialcademy" */;
			compatibilityVersion = "Xcode 14.0";
			developmentRegion = en;
			hasScannedForEncodings = 0;
			knownRegions = (
				en,
				Base,
			);
			mainGroup = 2B9F63192AF30DCC0099C1B8;
			packageReferences = (
				2BEC04DE2AF4732D0044D46F /* XCRemoteSwiftPackageReference "firebase-ios-sdk" */,
			);
			productRefGroup = 2B9F63232AF30DCC0099C1B8 /* Products */;
			projectDirPath = "";
			projectRoot = "";
			targets = (
				2B9F63212AF30DCC0099C1B8 /* Socialcademy */,
			);
		};
/* End PBXProject section */

/* Begin PBXResourcesBuildPhase section */
		2B9F63202AF30DCC0099C1B8 /* Resources */ = {
			isa = PBXResourcesBuildPhase;
			buildActionMask = 2147483647;
			files = (
				2BEC04CB2AF32B850044D46F /* .gitignore in Resources */,
				2B9F632D2AF30DCD0099C1B8 /* Preview Assets.xcassets in Resources */,
				2B9F632A2AF30DCD0099C1B8 /* Assets.xcassets in Resources */,
				2BEC7D8A2AF31A0400727652 /* GoogleService-Info.plist in Resources */,
			);
			runOnlyForDeploymentPostprocessing = 0;
		};
/* End PBXResourcesBuildPhase section */

/* Begin PBXSourcesBuildPhase section */
		2B9F631E2AF30DCC0099C1B8 /* Sources */ = {
			isa = PBXSourcesBuildPhase;
			buildActionMask = 2147483647;
			files = (
				2B7F91532AFDEA5A00FD93AD /* PrimaryButtonStyle.swift in Sources */,
				2B35DA522B01402700F8BBFA /* CommentsRepository.swift in Sources */,
				2B7A1B742AF6D0410070265E /* PostRowViewModel.swift in Sources */,
				2BEC04D12AF331460044D46F /* Post.swift in Sources */,
				2B9F63262AF30DCC0099C1B8 /* SocialcademyApp.swift in Sources */,
				2BEC04DD2AF471B70044D46F /* PostsRepository.swift in Sources */,
				2BEC04DA2AF4627E0044D46F /* PostsViewModel.swift in Sources */,
				2BEC04D52AF34A010044D46F /* PostRow.swift in Sources */,
				2BCCDCBD2AFA164400D079D3 /* AuthService.swift in Sources */,
				2BEC05172AF4B2D40044D46F /* Loadable.swift in Sources */,
				2BCCDCC32AFD92AE00D079D3 /* ProfileView.swift in Sources */,
				2B35DA502B013E8700F8BBFA /* Comment.swift in Sources */,
				2BEC04D32AF3465B0044D46F /* PostsList.swift in Sources */,
				2B7A1B722AF5B49C0070265E /* Alert+Error.swift in Sources */,
				2BCCDCBF2AFD8D3900D079D3 /* AuthViewModel.swift in Sources */,
				2B35DA4E2AFEAEF500F8BBFA /* ViewModelFactory.swift in Sources */,
				2BCCDCC12AFD8F4C00D079D3 /* AuthView.swift in Sources */,
				2BEC04D72AF458CE0044D46F /* NewPostForm.swift in Sources */,
				2B7F91512AFDDB6400FD93AD /* FormViewModel.swift in Sources */,
				2B35DA542B01481000F8BBFA /* Firestore+Extensions.swift in Sources */,
				2B0237EA2AF4C300008AE907 /* EmptyListView.swift in Sources */,
				2B7A1B762AF889480070265E /* MainTabView.swift in Sources */,
				2B35DA4C2AFEA09700F8BBFA /* User.swift in Sources */,
			);
			runOnlyForDeploymentPostprocessing = 0;
		};
/* End PBXSourcesBuildPhase section */

/* Begin XCBuildConfiguration section */
		2B9F632E2AF30DCD0099C1B8 /* Debug */ = {
			isa = XCBuildConfiguration;
			buildSettings = {
				ALWAYS_SEARCH_USER_PATHS = NO;
				ASSETCATALOG_COMPILER_GENERATE_SWIFT_ASSET_SYMBOL_EXTENSIONS = YES;
				CLANG_ANALYZER_NONNULL = YES;
				CLANG_ANALYZER_NUMBER_OBJECT_CONVERSION = YES_AGGRESSIVE;
				CLANG_CXX_LANGUAGE_STANDARD = "gnu++20";
				CLANG_ENABLE_MODULES = YES;
				CLANG_ENABLE_OBJC_ARC = YES;
				CLANG_ENABLE_OBJC_WEAK = YES;
				CLANG_WARN_BLOCK_CAPTURE_AUTORELEASING = YES;
				CLANG_WARN_BOOL_CONVERSION = YES;
				CLANG_WARN_COMMA = YES;
				CLANG_WARN_CONSTANT_CONVERSION = YES;
				CLANG_WARN_DEPRECATED_OBJC_IMPLEMENTATIONS = YES;
				CLANG_WARN_DIRECT_OBJC_ISA_USAGE = YES_ERROR;
				CLANG_WARN_DOCUMENTATION_COMMENTS = YES;
				CLANG_WARN_EMPTY_BODY = YES;
				CLANG_WARN_ENUM_CONVERSION = YES;
				CLANG_WARN_INFINITE_RECURSION = YES;
				CLANG_WARN_INT_CONVERSION = YES;
				CLANG_WARN_NON_LITERAL_NULL_CONVERSION = YES;
				CLANG_WARN_OBJC_IMPLICIT_RETAIN_SELF = YES;
				CLANG_WARN_OBJC_LITERAL_CONVERSION = YES;
				CLANG_WARN_OBJC_ROOT_CLASS = YES_ERROR;
				CLANG_WARN_QUOTED_INCLUDE_IN_FRAMEWORK_HEADER = YES;
				CLANG_WARN_RANGE_LOOP_ANALYSIS = YES;
				CLANG_WARN_STRICT_PROTOTYPES = YES;
				CLANG_WARN_SUSPICIOUS_MOVE = YES;
				CLANG_WARN_UNGUARDED_AVAILABILITY = YES_AGGRESSIVE;
				CLANG_WARN_UNREACHABLE_CODE = YES;
				CLANG_WARN__DUPLICATE_METHOD_MATCH = YES;
				COPY_PHASE_STRIP = NO;
				DEBUG_INFORMATION_FORMAT = dwarf;
				ENABLE_STRICT_OBJC_MSGSEND = YES;
				ENABLE_TESTABILITY = YES;
				ENABLE_USER_SCRIPT_SANDBOXING = YES;
				GCC_C_LANGUAGE_STANDARD = gnu17;
				GCC_DYNAMIC_NO_PIC = NO;
				GCC_NO_COMMON_BLOCKS = YES;
				GCC_OPTIMIZATION_LEVEL = 0;
				GCC_PREPROCESSOR_DEFINITIONS = (
					"DEBUG=1",
					"$(inherited)",
				);
				GCC_WARN_64_TO_32_BIT_CONVERSION = YES;
				GCC_WARN_ABOUT_RETURN_TYPE = YES_ERROR;
				GCC_WARN_UNDECLARED_SELECTOR = YES;
				GCC_WARN_UNINITIALIZED_AUTOS = YES_AGGRESSIVE;
				GCC_WARN_UNUSED_FUNCTION = YES;
				GCC_WARN_UNUSED_VARIABLE = YES;
				IPHONEOS_DEPLOYMENT_TARGET = 17.0;
				LOCALIZATION_PREFERS_STRING_CATALOGS = YES;
				MTL_ENABLE_DEBUG_INFO = INCLUDE_SOURCE;
				MTL_FAST_MATH = YES;
				ONLY_ACTIVE_ARCH = YES;
				SDKROOT = iphoneos;
				SWIFT_ACTIVE_COMPILATION_CONDITIONS = "DEBUG $(inherited)";
				SWIFT_OPTIMIZATION_LEVEL = "-Onone";
			};
			name = Debug;
		};
		2B9F632F2AF30DCD0099C1B8 /* Release */ = {
			isa = XCBuildConfiguration;
			buildSettings = {
				ALWAYS_SEARCH_USER_PATHS = NO;
				ASSETCATALOG_COMPILER_GENERATE_SWIFT_ASSET_SYMBOL_EXTENSIONS = YES;
				CLANG_ANALYZER_NONNULL = YES;
				CLANG_ANALYZER_NUMBER_OBJECT_CONVERSION = YES_AGGRESSIVE;
				CLANG_CXX_LANGUAGE_STANDARD = "gnu++20";
				CLANG_ENABLE_MODULES = YES;
				CLANG_ENABLE_OBJC_ARC = YES;
				CLANG_ENABLE_OBJC_WEAK = YES;
				CLANG_WARN_BLOCK_CAPTURE_AUTORELEASING = YES;
				CLANG_WARN_BOOL_CONVERSION = YES;
				CLANG_WARN_COMMA = YES;
				CLANG_WARN_CONSTANT_CONVERSION = YES;
				CLANG_WARN_DEPRECATED_OBJC_IMPLEMENTATIONS = YES;
				CLANG_WARN_DIRECT_OBJC_ISA_USAGE = YES_ERROR;
				CLANG_WARN_DOCUMENTATION_COMMENTS = YES;
				CLANG_WARN_EMPTY_BODY = YES;
				CLANG_WARN_ENUM_CONVERSION = YES;
				CLANG_WARN_INFINITE_RECURSION = YES;
				CLANG_WARN_INT_CONVERSION = YES;
				CLANG_WARN_NON_LITERAL_NULL_CONVERSION = YES;
				CLANG_WARN_OBJC_IMPLICIT_RETAIN_SELF = YES;
				CLANG_WARN_OBJC_LITERAL_CONVERSION = YES;
				CLANG_WARN_OBJC_ROOT_CLASS = YES_ERROR;
				CLANG_WARN_QUOTED_INCLUDE_IN_FRAMEWORK_HEADER = YES;
				CLANG_WARN_RANGE_LOOP_ANALYSIS = YES;
				CLANG_WARN_STRICT_PROTOTYPES = YES;
				CLANG_WARN_SUSPICIOUS_MOVE = YES;
				CLANG_WARN_UNGUARDED_AVAILABILITY = YES_AGGRESSIVE;
				CLANG_WARN_UNREACHABLE_CODE = YES;
				CLANG_WARN__DUPLICATE_METHOD_MATCH = YES;
				COPY_PHASE_STRIP = NO;
				DEBUG_INFORMATION_FORMAT = "dwarf-with-dsym";
				ENABLE_NS_ASSERTIONS = NO;
				ENABLE_STRICT_OBJC_MSGSEND = YES;
				ENABLE_USER_SCRIPT_SANDBOXING = YES;
				GCC_C_LANGUAGE_STANDARD = gnu17;
				GCC_NO_COMMON_BLOCKS = YES;
				GCC_WARN_64_TO_32_BIT_CONVERSION = YES;
				GCC_WARN_ABOUT_RETURN_TYPE = YES_ERROR;
				GCC_WARN_UNDECLARED_SELECTOR = YES;
				GCC_WARN_UNINITIALIZED_AUTOS = YES_AGGRESSIVE;
				GCC_WARN_UNUSED_FUNCTION = YES;
				GCC_WARN_UNUSED_VARIABLE = YES;
				IPHONEOS_DEPLOYMENT_TARGET = 17.0;
				LOCALIZATION_PREFERS_STRING_CATALOGS = YES;
				MTL_ENABLE_DEBUG_INFO = NO;
				MTL_FAST_MATH = YES;
				SDKROOT = iphoneos;
				SWIFT_COMPILATION_MODE = wholemodule;
				VALIDATE_PRODUCT = YES;
			};
			name = Release;
		};
		2B9F63312AF30DCD0099C1B8 /* Debug */ = {
			isa = XCBuildConfiguration;
			buildSettings = {
				ASSETCATALOG_COMPILER_APPICON_NAME = AppIcon;
				ASSETCATALOG_COMPILER_GLOBAL_ACCENT_COLOR_NAME = AccentColor;
				CODE_SIGN_STYLE = Automatic;
				CURRENT_PROJECT_VERSION = 1;
				DEVELOPMENT_ASSET_PATHS = "Socialcademy/Resources/Preview\\ Content";
				DEVELOPMENT_TEAM = KB82824ZMA;
				ENABLE_PREVIEWS = YES;
				GENERATE_INFOPLIST_FILE = YES;
				INFOPLIST_KEY_UIApplicationSceneManifest_Generation = YES;
				INFOPLIST_KEY_UIApplicationSupportsIndirectInputEvents = YES;
				INFOPLIST_KEY_UILaunchScreen_Generation = YES;
				INFOPLIST_KEY_UISupportedInterfaceOrientations_iPad = "UIInterfaceOrientationPortrait UIInterfaceOrientationPortraitUpsideDown UIInterfaceOrientationLandscapeLeft UIInterfaceOrientationLandscapeRight";
				INFOPLIST_KEY_UISupportedInterfaceOrientations_iPhone = "UIInterfaceOrientationPortrait UIInterfaceOrientationLandscapeLeft UIInterfaceOrientationLandscapeRight";
				LD_RUNPATH_SEARCH_PATHS = (
					"$(inherited)",
					"@executable_path/Frameworks",
				);
				MARKETING_VERSION = 1.0;
				PRODUCT_BUNDLE_IDENTIFIER = com.wesley.Socialcademy;
				PRODUCT_NAME = "$(TARGET_NAME)";
				SWIFT_EMIT_LOC_STRINGS = YES;
				SWIFT_VERSION = 5.0;
				TARGETED_DEVICE_FAMILY = "1,2";
			};
			name = Debug;
		};
		2B9F63322AF30DCD0099C1B8 /* Release */ = {
			isa = XCBuildConfiguration;
			buildSettings = {
				ASSETCATALOG_COMPILER_APPICON_NAME = AppIcon;
				ASSETCATALOG_COMPILER_GLOBAL_ACCENT_COLOR_NAME = AccentColor;
				CODE_SIGN_STYLE = Automatic;
				CURRENT_PROJECT_VERSION = 1;
				DEVELOPMENT_ASSET_PATHS = "Socialcademy/Resources/Preview\\ Content";
				DEVELOPMENT_TEAM = KB82824ZMA;
				ENABLE_PREVIEWS = YES;
				GENERATE_INFOPLIST_FILE = YES;
				INFOPLIST_KEY_UIApplicationSceneManifest_Generation = YES;
				INFOPLIST_KEY_UIApplicationSupportsIndirectInputEvents = YES;
				INFOPLIST_KEY_UILaunchScreen_Generation = YES;
				INFOPLIST_KEY_UISupportedInterfaceOrientations_iPad = "UIInterfaceOrientationPortrait UIInterfaceOrientationPortraitUpsideDown UIInterfaceOrientationLandscapeLeft UIInterfaceOrientationLandscapeRight";
				INFOPLIST_KEY_UISupportedInterfaceOrientations_iPhone = "UIInterfaceOrientationPortrait UIInterfaceOrientationLandscapeLeft UIInterfaceOrientationLandscapeRight";
				LD_RUNPATH_SEARCH_PATHS = (
					"$(inherited)",
					"@executable_path/Frameworks",
				);
				MARKETING_VERSION = 1.0;
				PRODUCT_BUNDLE_IDENTIFIER = com.wesley.Socialcademy;
				PRODUCT_NAME = "$(TARGET_NAME)";
				SWIFT_EMIT_LOC_STRINGS = YES;
				SWIFT_VERSION = 5.0;
				TARGETED_DEVICE_FAMILY = "1,2";
			};
			name = Release;
		};
/* End XCBuildConfiguration section */

/* Begin XCConfigurationList section */
		2B9F631D2AF30DCC0099C1B8 /* Build configuration list for PBXProject "Socialcademy" */ = {
			isa = XCConfigurationList;
			buildConfigurations = (
				2B9F632E2AF30DCD0099C1B8 /* Debug */,
				2B9F632F2AF30DCD0099C1B8 /* Release */,
			);
			defaultConfigurationIsVisible = 0;
			defaultConfigurationName = Release;
		};
		2B9F63302AF30DCD0099C1B8 /* Build configuration list for PBXNativeTarget "Socialcademy" */ = {
			isa = XCConfigurationList;
			buildConfigurations = (
				2B9F63312AF30DCD0099C1B8 /* Debug */,
				2B9F63322AF30DCD0099C1B8 /* Release */,
			);
			defaultConfigurationIsVisible = 0;
			defaultConfigurationName = Release;
		};
/* End XCConfigurationList section */

/* Begin XCRemoteSwiftPackageReference section */
		2BEC04DE2AF4732D0044D46F /* XCRemoteSwiftPackageReference "firebase-ios-sdk" */ = {
			isa = XCRemoteSwiftPackageReference;
			repositoryURL = "https://github.com/firebase/firebase-ios-sdk";
			requirement = {
				kind = upToNextMajorVersion;
				minimumVersion = 10.17.0;
			};
		};
/* End XCRemoteSwiftPackageReference section */

/* Begin XCSwiftPackageProductDependency section */
		2BEC04DF2AF4732D0044D46F /* FirebaseAnalytics */ = {
			isa = XCSwiftPackageProductDependency;
			package = 2BEC04DE2AF4732D0044D46F /* XCRemoteSwiftPackageReference "firebase-ios-sdk" */;
			productName = FirebaseAnalytics;
		};
		2BEC04E12AF4732D0044D46F /* FirebaseAnalyticsOnDeviceConversion */ = {
			isa = XCSwiftPackageProductDependency;
			package = 2BEC04DE2AF4732D0044D46F /* XCRemoteSwiftPackageReference "firebase-ios-sdk" */;
			productName = FirebaseAnalyticsOnDeviceConversion;
		};
		2BEC04E32AF4732D0044D46F /* FirebaseAnalyticsSwift */ = {
			isa = XCSwiftPackageProductDependency;
			package = 2BEC04DE2AF4732D0044D46F /* XCRemoteSwiftPackageReference "firebase-ios-sdk" */;
			productName = FirebaseAnalyticsSwift;
		};
		2BEC04E52AF4732D0044D46F /* FirebaseAnalyticsWithoutAdIdSupport */ = {
			isa = XCSwiftPackageProductDependency;
			package = 2BEC04DE2AF4732D0044D46F /* XCRemoteSwiftPackageReference "firebase-ios-sdk" */;
			productName = FirebaseAnalyticsWithoutAdIdSupport;
		};
		2BEC04E72AF4732D0044D46F /* FirebaseAppCheck */ = {
			isa = XCSwiftPackageProductDependency;
			package = 2BEC04DE2AF4732D0044D46F /* XCRemoteSwiftPackageReference "firebase-ios-sdk" */;
			productName = FirebaseAppCheck;
		};
		2BEC04E92AF4732D0044D46F /* FirebaseAppDistribution-Beta */ = {
			isa = XCSwiftPackageProductDependency;
			package = 2BEC04DE2AF4732D0044D46F /* XCRemoteSwiftPackageReference "firebase-ios-sdk" */;
			productName = "FirebaseAppDistribution-Beta";
		};
		2BEC04EB2AF4732D0044D46F /* FirebaseAuth */ = {
			isa = XCSwiftPackageProductDependency;
			package = 2BEC04DE2AF4732D0044D46F /* XCRemoteSwiftPackageReference "firebase-ios-sdk" */;
			productName = FirebaseAuth;
		};
		2BEC04ED2AF4732D0044D46F /* FirebaseAuthCombine-Community */ = {
			isa = XCSwiftPackageProductDependency;
			package = 2BEC04DE2AF4732D0044D46F /* XCRemoteSwiftPackageReference "firebase-ios-sdk" */;
			productName = "FirebaseAuthCombine-Community";
		};
		2BEC04EF2AF4732D0044D46F /* FirebaseCrashlytics */ = {
			isa = XCSwiftPackageProductDependency;
			package = 2BEC04DE2AF4732D0044D46F /* XCRemoteSwiftPackageReference "firebase-ios-sdk" */;
			productName = FirebaseCrashlytics;
		};
		2BEC04F12AF4732D0044D46F /* FirebaseDatabase */ = {
			isa = XCSwiftPackageProductDependency;
			package = 2BEC04DE2AF4732D0044D46F /* XCRemoteSwiftPackageReference "firebase-ios-sdk" */;
			productName = FirebaseDatabase;
		};
		2BEC04F32AF4732D0044D46F /* FirebaseDatabaseSwift */ = {
			isa = XCSwiftPackageProductDependency;
			package = 2BEC04DE2AF4732D0044D46F /* XCRemoteSwiftPackageReference "firebase-ios-sdk" */;
			productName = FirebaseDatabaseSwift;
		};
		2BEC04F52AF4732D0044D46F /* FirebaseDynamicLinks */ = {
			isa = XCSwiftPackageProductDependency;
			package = 2BEC04DE2AF4732D0044D46F /* XCRemoteSwiftPackageReference "firebase-ios-sdk" */;
			productName = FirebaseDynamicLinks;
		};
		2BEC04F72AF4732D0044D46F /* FirebaseFirestore */ = {
			isa = XCSwiftPackageProductDependency;
			package = 2BEC04DE2AF4732D0044D46F /* XCRemoteSwiftPackageReference "firebase-ios-sdk" */;
			productName = FirebaseFirestore;
		};
		2BEC04F92AF4732D0044D46F /* FirebaseFirestoreCombine-Community */ = {
			isa = XCSwiftPackageProductDependency;
			package = 2BEC04DE2AF4732D0044D46F /* XCRemoteSwiftPackageReference "firebase-ios-sdk" */;
			productName = "FirebaseFirestoreCombine-Community";
		};
		2BEC04FB2AF4732D0044D46F /* FirebaseFirestoreSwift */ = {
			isa = XCSwiftPackageProductDependency;
			package = 2BEC04DE2AF4732D0044D46F /* XCRemoteSwiftPackageReference "firebase-ios-sdk" */;
			productName = FirebaseFirestoreSwift;
		};
		2BEC04FD2AF4732D0044D46F /* FirebaseFunctions */ = {
			isa = XCSwiftPackageProductDependency;
			package = 2BEC04DE2AF4732D0044D46F /* XCRemoteSwiftPackageReference "firebase-ios-sdk" */;
			productName = FirebaseFunctions;
		};
		2BEC04FF2AF4732D0044D46F /* FirebaseFunctionsCombine-Community */ = {
			isa = XCSwiftPackageProductDependency;
			package = 2BEC04DE2AF4732D0044D46F /* XCRemoteSwiftPackageReference "firebase-ios-sdk" */;
			productName = "FirebaseFunctionsCombine-Community";
		};
		2BEC05012AF4732D0044D46F /* FirebaseInAppMessaging-Beta */ = {
			isa = XCSwiftPackageProductDependency;
			package = 2BEC04DE2AF4732D0044D46F /* XCRemoteSwiftPackageReference "firebase-ios-sdk" */;
			productName = "FirebaseInAppMessaging-Beta";
		};
		2BEC05032AF4732D0044D46F /* FirebaseInAppMessagingSwift-Beta */ = {
			isa = XCSwiftPackageProductDependency;
			package = 2BEC04DE2AF4732D0044D46F /* XCRemoteSwiftPackageReference "firebase-ios-sdk" */;
			productName = "FirebaseInAppMessagingSwift-Beta";
		};
		2BEC05052AF4732D0044D46F /* FirebaseInstallations */ = {
			isa = XCSwiftPackageProductDependency;
			package = 2BEC04DE2AF4732D0044D46F /* XCRemoteSwiftPackageReference "firebase-ios-sdk" */;
			productName = FirebaseInstallations;
		};
		2BEC05072AF4732D0044D46F /* FirebaseMLModelDownloader */ = {
			isa = XCSwiftPackageProductDependency;
			package = 2BEC04DE2AF4732D0044D46F /* XCRemoteSwiftPackageReference "firebase-ios-sdk" */;
			productName = FirebaseMLModelDownloader;
		};
		2BEC05092AF4732D0044D46F /* FirebaseMessaging */ = {
			isa = XCSwiftPackageProductDependency;
			package = 2BEC04DE2AF4732D0044D46F /* XCRemoteSwiftPackageReference "firebase-ios-sdk" */;
			productName = FirebaseMessaging;
		};
		2BEC050B2AF4732D0044D46F /* FirebasePerformance */ = {
			isa = XCSwiftPackageProductDependency;
			package = 2BEC04DE2AF4732D0044D46F /* XCRemoteSwiftPackageReference "firebase-ios-sdk" */;
			productName = FirebasePerformance;
		};
		2BEC050D2AF4732D0044D46F /* FirebaseRemoteConfig */ = {
			isa = XCSwiftPackageProductDependency;
			package = 2BEC04DE2AF4732D0044D46F /* XCRemoteSwiftPackageReference "firebase-ios-sdk" */;
			productName = FirebaseRemoteConfig;
		};
		2BEC050F2AF4732D0044D46F /* FirebaseRemoteConfigSwift */ = {
			isa = XCSwiftPackageProductDependency;
			package = 2BEC04DE2AF4732D0044D46F /* XCRemoteSwiftPackageReference "firebase-ios-sdk" */;
			productName = FirebaseRemoteConfigSwift;
		};
		2BEC05112AF4732D0044D46F /* FirebaseStorage */ = {
			isa = XCSwiftPackageProductDependency;
			package = 2BEC04DE2AF4732D0044D46F /* XCRemoteSwiftPackageReference "firebase-ios-sdk" */;
			productName = FirebaseStorage;
		};
		2BEC05132AF4732D0044D46F /* FirebaseStorageCombine-Community */ = {
			isa = XCSwiftPackageProductDependency;
			package = 2BEC04DE2AF4732D0044D46F /* XCRemoteSwiftPackageReference "firebase-ios-sdk" */;
			productName = "FirebaseStorageCombine-Community";
		};
/* End XCSwiftPackageProductDependency section */
	};
	rootObject = 2B9F631A2AF30DCC0099C1B8 /* Project object */;
}
